
Microsoft Visual Studio Solution File, Format Version 12.00
# Visual Studio Version 17
VisualStudioVersion = 17.9.34902.65
MinimumVisualStudioVersion = 10.0.40219.1
Project("{9A19103F-16F7-4668-BE54-9A1E7A4F7556}") = "EVMAPI", "WebApplication1\EVMAPI.csproj", "{2CC273DC-41ED-4473-9E8C-9329A2BEBA14}"
EndProject
Global
	GlobalSection(SolutionConfigurationPlatforms) = preSolution
		Debug|Any CPU = Debug|Any CPU
		Release|Any CPU = Release|Any CPU
	EndGlobalSection
	GlobalSection(ProjectConfigurationPlatforms) = postSolution
		{2CC273DC-41ED-4473-9E8C-9329A2BEBA14}.Debug|Any CPU.ActiveCfg = Debug|Any CPU
		{2CC273DC-41ED-4473-9E8C-9329A2BEBA14}.Debug|Any CPU.Build.0 = Debug|Any CPU
		{2CC273DC-41ED-4473-9E8C-9329A2BEBA14}.Release|Any CPU.ActiveCfg = Release|Any CPU
		{2CC273DC-41ED-4473-9E8C-9329A2BEBA14}.Release|Any CPU.Build.0 = Release|Any CPU
	EndGlobalSection
	GlobalSection(SolutionProperties) = preSolution
		HideSolutionNode = FALSE
	EndGlobalSection
	GlobalSection(ExtensibilityGlobals) = postSolution
		SolutionGuid = {20296D01-5FD1-4A92-9712-44D12F561E8A}
	EndGlobalSection
EndGlobal
